
Microsoft Visual Studio Solution File, Format Version 12.00
# Visual Studio Version 16
VisualStudioVersion = 16.0.30717.126
MinimumVisualStudioVersion = 10.0.40219.1
Project("{FAE04EC0-301F-11D3-BF4B-00C04F79EFBC}") = "Projektarbete-Intake-Backend", "Projektarbete-Intake-Backend\Projektarbete-Intake-Backend.csproj", "{55296722-FD3D-45BA-B215-B801D4AF80CE}"
EndProject
Global
	GlobalSection(SolutionConfigurationPlatforms) = preSolution
		Debug|Any CPU = Debug|Any CPU
		Release|Any CPU = Release|Any CPU
	EndGlobalSection
	GlobalSection(ProjectConfigurationPlatforms) = postSolution
		{55296722-FD3D-45BA-B215-B801D4AF80CE}.Debug|Any CPU.ActiveCfg = Debug|Any CPU
		{55296722-FD3D-45BA-B215-B801D4AF80CE}.Debug|Any CPU.Build.0 = Debug|Any CPU
		{55296722-FD3D-45BA-B215-B801D4AF80CE}.Release|Any CPU.ActiveCfg = Release|Any CPU
		{55296722-FD3D-45BA-B215-B801D4AF80CE}.Release|Any CPU.Build.0 = Release|Any CPU
	EndGlobalSection
	GlobalSection(SolutionProperties) = preSolution
		HideSolutionNode = FALSE
	EndGlobalSection
	GlobalSection(ExtensibilityGlobals) = postSolution
		SolutionGuid = {A93AF39D-D429-435F-8DE7-5F23286ABD88}
	EndGlobalSection
EndGlobal
